
Microsoft Visual Studio Solution File, Format Version 12.00
# Visual Studio Version 16
VisualStudioVersion = 16.0.33529.622
MinimumVisualStudioVersion = 10.0.40219.1
Project("{FAE04EC0-301F-11D3-BF4B-00C04F79EFBC}") = "Escola", "Escola\Escola.csproj", "{98BD5A98-CB1F-477A-99C1-821BF88EF314}"
EndProject
Global
	GlobalSection(SolutionConfigurationPlatforms) = preSolution
		Debug|Any CPU = Debug|Any CPU
		Release|Any CPU = Release|Any CPU
	EndGlobalSection
	GlobalSection(ProjectConfigurationPlatforms) = postSolution
		{98BD5A98-CB1F-477A-99C1-821BF88EF314}.Debug|Any CPU.ActiveCfg = Debug|Any CPU
		{98BD5A98-CB1F-477A-99C1-821BF88EF314}.Debug|Any CPU.Build.0 = Debug|Any CPU
		{98BD5A98-CB1F-477A-99C1-821BF88EF314}.Release|Any CPU.ActiveCfg = Release|Any CPU
		{98BD5A98-CB1F-477A-99C1-821BF88EF314}.Release|Any CPU.Build.0 = Release|Any CPU
	EndGlobalSection
	GlobalSection(SolutionProperties) = preSolution
		HideSolutionNode = FALSE
	EndGlobalSection
	GlobalSection(ExtensibilityGlobals) = postSolution
		SolutionGuid = {7FF35F22-0969-4054-AE9E-135F35985EE6}
	EndGlobalSection
EndGlobal
